
Microsoft Visual Studio Solution File, Format Version 12.00
# Visual Studio Version 16
VisualStudioVersion = 16.0.30204.135
MinimumVisualStudioVersion = 10.0.40219.1
Project("{9A19103F-16F7-4668-BE54-9A1E7A4F7556}") = "WebShop.UI", "WebShop\WebShop.UI.csproj", "{80D533CB-7819-4908-89EA-99556BD7740B}"
EndProject
Project("{9A19103F-16F7-4668-BE54-9A1E7A4F7556}") = "WebShop.DataAccess", "WebShop.DataAccess\WebShop.DataAccess.csproj", "{1DB83836-8D68-412B-B591-00FCFEE1A5D1}"
EndProject
Project("{9A19103F-16F7-4668-BE54-9A1E7A4F7556}") = "WebShop.BL", "WebShop.BL\WebShop.BL.csproj", "{3BCAB63E-8EEE-4F52-8E95-50C7B109549D}"
EndProject
Project("{9A19103F-16F7-4668-BE54-9A1E7A4F7556}") = "WebShop.Common", "WebShop.Common\WebShop.Common.csproj", "{344AD42B-1942-4219-B6D2-1C5ACFF81372}"
EndProject
Project("{2150E333-8FDC-42A3-9474-1A3956D46DE8}") = "Tests", "Tests", "{844EEEED-519E-4FBE-BDA1-70F3BF47E8E7}"
EndProject
Project("{FAE04EC0-301F-11D3-BF4B-00C04F79EFBC}") = "WebShop.BL.Tests", "WebShop.BL.Tests\WebShop.BL.Tests.csproj", "{6A283B24-1E6D-4768-849D-7DBCFBB5E2B6}"
EndProject
Global
	GlobalSection(SolutionConfigurationPlatforms) = preSolution
		Debug|Any CPU = Debug|Any CPU
		Release|Any CPU = Release|Any CPU
	EndGlobalSection
	GlobalSection(ProjectConfigurationPlatforms) = postSolution
		{80D533CB-7819-4908-89EA-99556BD7740B}.Debug|Any CPU.ActiveCfg = Debug|Any CPU
		{80D533CB-7819-4908-89EA-99556BD7740B}.Debug|Any CPU.Build.0 = Debug|Any CPU
		{80D533CB-7819-4908-89EA-99556BD7740B}.Release|Any CPU.ActiveCfg = Release|Any CPU
		{80D533CB-7819-4908-89EA-99556BD7740B}.Release|Any CPU.Build.0 = Release|Any CPU
		{1DB83836-8D68-412B-B591-00FCFEE1A5D1}.Debug|Any CPU.ActiveCfg = Debug|Any CPU
		{1DB83836-8D68-412B-B591-00FCFEE1A5D1}.Debug|Any CPU.Build.0 = Debug|Any CPU
		{1DB83836-8D68-412B-B591-00FCFEE1A5D1}.Release|Any CPU.ActiveCfg = Release|Any CPU
		{1DB83836-8D68-412B-B591-00FCFEE1A5D1}.Release|Any CPU.Build.0 = Release|Any CPU
		{3BCAB63E-8EEE-4F52-8E95-50C7B109549D}.Debug|Any CPU.ActiveCfg = Debug|Any CPU
		{3BCAB63E-8EEE-4F52-8E95-50C7B109549D}.Debug|Any CPU.Build.0 = Debug|Any CPU
		{3BCAB63E-8EEE-4F52-8E95-50C7B109549D}.Release|Any CPU.ActiveCfg = Release|Any CPU
		{3BCAB63E-8EEE-4F52-8E95-50C7B109549D}.Release|Any CPU.Build.0 = Release|Any CPU
		{344AD42B-1942-4219-B6D2-1C5ACFF81372}.Debug|Any CPU.ActiveCfg = Debug|Any CPU
		{344AD42B-1942-4219-B6D2-1C5ACFF81372}.Debug|Any CPU.Build.0 = Debug|Any CPU
		{344AD42B-1942-4219-B6D2-1C5ACFF81372}.Release|Any CPU.ActiveCfg = Release|Any CPU
		{344AD42B-1942-4219-B6D2-1C5ACFF81372}.Release|Any CPU.Build.0 = Release|Any CPU
		{6A283B24-1E6D-4768-849D-7DBCFBB5E2B6}.Debug|Any CPU.ActiveCfg = Debug|Any CPU
		{6A283B24-1E6D-4768-849D-7DBCFBB5E2B6}.Debug|Any CPU.Build.0 = Debug|Any CPU
		{6A283B24-1E6D-4768-849D-7DBCFBB5E2B6}.Release|Any CPU.ActiveCfg = Release|Any CPU
		{6A283B24-1E6D-4768-849D-7DBCFBB5E2B6}.Release|Any CPU.Build.0 = Release|Any CPU
	EndGlobalSection
	GlobalSection(SolutionProperties) = preSolution
		HideSolutionNode = FALSE
	EndGlobalSection
	GlobalSection(NestedProjects) = preSolution
		{6A283B24-1E6D-4768-849D-7DBCFBB5E2B6} = {844EEEED-519E-4FBE-BDA1-70F3BF47E8E7}
	EndGlobalSection
	GlobalSection(ExtensibilityGlobals) = postSolution
		SolutionGuid = {C93F8793-3809-4E41-8679-D164E540479D}
	EndGlobalSection
EndGlobal
